
Microsoft Visual Studio Solution File, Format Version 12.00
# Visual Studio Version 16
VisualStudioVersion = 25.0.1703.0
MinimumVisualStudioVersion = 10.0.40219.1
Project("{FAE04EC0-301F-11D3-BF4B-00C04F79EFBC}") = "test_proj", "test_proj\test_proj.csproj", "{724BC632-73F7-47DD-A506-84749AB2872B}"
EndProject
Global
	GlobalSection(SolutionConfigurationPlatforms) = preSolution
		Debug|Any CPU = Debug|Any CPU
		Release|Any CPU = Release|Any CPU
	EndGlobalSection
	GlobalSection(ProjectConfigurationPlatforms) = postSolution
		{724BC632-73F7-47DD-A506-84749AB2872B}.Debug|Any CPU.ActiveCfg = Debug|Any CPU
		{724BC632-73F7-47DD-A506-84749AB2872B}.Debug|Any CPU.Build.0 = Debug|Any CPU
		{724BC632-73F7-47DD-A506-84749AB2872B}.Release|Any CPU.ActiveCfg = Release|Any CPU
		{724BC632-73F7-47DD-A506-84749AB2872B}.Release|Any CPU.Build.0 = Release|Any CPU
	EndGlobalSection
	GlobalSection(SolutionProperties) = preSolution
		HideSolutionNode = FALSE
	EndGlobalSection
	GlobalSection(ExtensibilityGlobals) = postSolution
		SolutionGuid = {0C2C711B-CB35-4611-9347-9466781FE88C}
	EndGlobalSection
EndGlobal
