
Microsoft Visual Studio Solution File, Format Version 12.00
# Visual Studio Version 16
VisualStudioVersion = 25.0.1703.0
MinimumVisualStudioVersion = 10.0.40219.1
Project("{FAE04EC0-301F-11D3-BF4B-00C04F79EFBC}") = "AbbyWeb", "AbbyWeb\AbbyWeb.csproj", "{89B0C0A7-0C6F-417E-8F87-08F49FD1346C}"
EndProject
Global
	GlobalSection(SolutionConfigurationPlatforms) = preSolution
		Debug|Any CPU = Debug|Any CPU
		Release|Any CPU = Release|Any CPU
	EndGlobalSection
	GlobalSection(ProjectConfigurationPlatforms) = postSolution
		{89B0C0A7-0C6F-417E-8F87-08F49FD1346C}.Debug|Any CPU.ActiveCfg = Debug|Any CPU
		{89B0C0A7-0C6F-417E-8F87-08F49FD1346C}.Debug|Any CPU.Build.0 = Debug|Any CPU
		{89B0C0A7-0C6F-417E-8F87-08F49FD1346C}.Release|Any CPU.ActiveCfg = Release|Any CPU
		{89B0C0A7-0C6F-417E-8F87-08F49FD1346C}.Release|Any CPU.Build.0 = Release|Any CPU
	EndGlobalSection
	GlobalSection(SolutionProperties) = preSolution
		HideSolutionNode = FALSE
	EndGlobalSection
	GlobalSection(ExtensibilityGlobals) = postSolution
		SolutionGuid = {91C63F67-A567-48ED-B5E9-2CA0EF7AE499}
	EndGlobalSection
EndGlobal
