
Microsoft Visual Studio Solution File, Format Version 12.00
# Visual Studio Version 16
VisualStudioVersion = 25.0.1700.0
MinimumVisualStudioVersion = 10.0.40219.1
Project("{FAE04EC0-301F-11D3-BF4B-00C04F79EFBC}") = "EFCoreDatabaseFirstDemo01", "EFCoreDatabaseFirstDemo01\EFCoreDatabaseFirstDemo01.csproj", "{755C51D7-4FF4-4E85-8C7D-8A74709C5BC0}"
EndProject
Global
	GlobalSection(SolutionConfigurationPlatforms) = preSolution
		Debug|Any CPU = Debug|Any CPU
		Release|Any CPU = Release|Any CPU
	EndGlobalSection
	GlobalSection(ProjectConfigurationPlatforms) = postSolution
		{755C51D7-4FF4-4E85-8C7D-8A74709C5BC0}.Debug|Any CPU.ActiveCfg = Debug|Any CPU
		{755C51D7-4FF4-4E85-8C7D-8A74709C5BC0}.Debug|Any CPU.Build.0 = Debug|Any CPU
		{755C51D7-4FF4-4E85-8C7D-8A74709C5BC0}.Release|Any CPU.ActiveCfg = Release|Any CPU
		{755C51D7-4FF4-4E85-8C7D-8A74709C5BC0}.Release|Any CPU.Build.0 = Release|Any CPU
	EndGlobalSection
	GlobalSection(SolutionProperties) = preSolution
		HideSolutionNode = FALSE
	EndGlobalSection
	GlobalSection(ExtensibilityGlobals) = postSolution
		SolutionGuid = {2967CC8C-D740-4AB4-A903-1751B0D4F4FE}
	EndGlobalSection
EndGlobal
