
Microsoft Visual Studio Solution File, Format Version 12.00
# Visual Studio Version 16
VisualStudioVersion = 25.0.1703.0
MinimumVisualStudioVersion = 10.0.40219.1
Project("{FAE04EC0-301F-11D3-BF4B-00C04F79EFBC}") = "QueueStorageDemo01", "QueueStorageDemo01\QueueStorageDemo01.csproj", "{5EB3DB42-B7B1-464E-BD6D-997C83C573B7}"
EndProject
Global
	GlobalSection(SolutionConfigurationPlatforms) = preSolution
		Debug|Any CPU = Debug|Any CPU
		Release|Any CPU = Release|Any CPU
	EndGlobalSection
	GlobalSection(ProjectConfigurationPlatforms) = postSolution
		{5EB3DB42-B7B1-464E-BD6D-997C83C573B7}.Debug|Any CPU.ActiveCfg = Debug|Any CPU
		{5EB3DB42-B7B1-464E-BD6D-997C83C573B7}.Debug|Any CPU.Build.0 = Debug|Any CPU
		{5EB3DB42-B7B1-464E-BD6D-997C83C573B7}.Release|Any CPU.ActiveCfg = Release|Any CPU
		{5EB3DB42-B7B1-464E-BD6D-997C83C573B7}.Release|Any CPU.Build.0 = Release|Any CPU
	EndGlobalSection
	GlobalSection(SolutionProperties) = preSolution
		HideSolutionNode = FALSE
	EndGlobalSection
	GlobalSection(ExtensibilityGlobals) = postSolution
		SolutionGuid = {3C912B59-AB95-45CE-9D8A-777F0D6F4C42}
	EndGlobalSection
EndGlobal
