
Microsoft Visual Studio Solution File, Format Version 12.00
# Visual Studio Version 16
VisualStudioVersion = 25.0.1703.0
MinimumVisualStudioVersion = 10.0.40219.1
Project("{FAE04EC0-301F-11D3-BF4B-00C04F79EFBC}") = "MyEcommerceApp", "MyEcommerceApp\MyEcommerceApp.csproj", "{6B262609-C349-4979-956D-124C8DB7964C}"
EndProject
Global
	GlobalSection(SolutionConfigurationPlatforms) = preSolution
		Debug|Any CPU = Debug|Any CPU
		Release|Any CPU = Release|Any CPU
	EndGlobalSection
	GlobalSection(ProjectConfigurationPlatforms) = postSolution
		{6B262609-C349-4979-956D-124C8DB7964C}.Debug|Any CPU.ActiveCfg = Debug|Any CPU
		{6B262609-C349-4979-956D-124C8DB7964C}.Debug|Any CPU.Build.0 = Debug|Any CPU
		{6B262609-C349-4979-956D-124C8DB7964C}.Release|Any CPU.ActiveCfg = Release|Any CPU
		{6B262609-C349-4979-956D-124C8DB7964C}.Release|Any CPU.Build.0 = Release|Any CPU
	EndGlobalSection
	GlobalSection(SolutionProperties) = preSolution
		HideSolutionNode = FALSE
	EndGlobalSection
	GlobalSection(ExtensibilityGlobals) = postSolution
		SolutionGuid = {C9AC7D36-47E2-4795-B03F-B4833C54DC2D}
	EndGlobalSection
EndGlobal
